// !$*UTF8*$!
{
	archiveVersion = 1;
	classes = {
	};
	objectVersion = 52;
	objects = {

/* Begin PBXBuildFile section */
		880CDED2224FCD3B008590A9 /* DetailTableViewCell.swift in Sources */ = {isa = PBXBuildFile; fileRef = 880CDED1224FCD3B008590A9 /* DetailTableViewCell.swift */; };
		8885B01F2255327700EE6E1C /* Extensions.swift in Sources */ = {isa = PBXBuildFile; fileRef = 8885B01E2255327700EE6E1C /* Extensions.swift */; };
		8897A8FB224D43540035A07E /* AppDelegate.swift in Sources */ = {isa = PBXBuildFile; fileRef = 8897A8FA224D43540035A07E /* AppDelegate.swift */; };
		8897A8FD224D43540035A07E /* QuickViewVController.swift in Sources */ = {isa = PBXBuildFile; fileRef = 8897A8FC224D43540035A07E /* QuickViewVController.swift */; };
		8897A900224D43540035A07E /* Main.storyboard in Resources */ = {isa = PBXBuildFile; fileRef = 8897A8FE224D43540035A07E /* Main.storyboard */; };
		8897A902224D43560035A07E /* Assets.xcassets in Resources */ = {isa = PBXBuildFile; fileRef = 8897A901224D43560035A07E /* Assets.xcassets */; };
		8897A905224D43560035A07E /* LaunchScreen.storyboard in Resources */ = {isa = PBXBuildFile; fileRef = 8897A903224D43560035A07E /* LaunchScreen.storyboard */; };
		8897A922224D65810035A07E /* QuickViewCell.swift in Sources */ = {isa = PBXBuildFile; fileRef = 8897A921224D65810035A07E /* QuickViewCell.swift */; };
		8897A924224D6BDF0035A07E /* WeatherDetailController.swift in Sources */ = {isa = PBXBuildFile; fileRef = 8897A923224D6BDF0035A07E /* WeatherDetailController.swift */; };
		D15592DA2252726900033145 /* modeWeatherResponse.swift in Sources */ = {isa = PBXBuildFile; fileRef = D15592D92252726900033145 /* modeWeatherResponse.swift */; };
		FE1A2DE223B0A0AD00C00B07 /* HistoryTableViewController.swift in Sources */ = {isa = PBXBuildFile; fileRef = FE1A2DE123B0A0AD00C00B07 /* HistoryTableViewController.swift */; };
		FE1A2DE323B0A0AD00C00B07 /* HistoryTableViewController.swift in Sources */ = {isa = PBXBuildFile; fileRef = FE1A2DE123B0A0AD00C00B07 /* HistoryTableViewController.swift */; };
		FE1A2DE523B0A82700C00B07 /* HistoryCell.xib in Resources */ = {isa = PBXBuildFile; fileRef = FE1A2DE423B0A82700C00B07 /* HistoryCell.xib */; };
		FE1A2DE623B0A82700C00B07 /* HistoryCell.xib in Resources */ = {isa = PBXBuildFile; fileRef = FE1A2DE423B0A82700C00B07 /* HistoryCell.xib */; };
		FE1A2DE823B0A8E500C00B07 /* HistoryTableViewCell.swift in Sources */ = {isa = PBXBuildFile; fileRef = FE1A2DE723B0A8E500C00B07 /* HistoryTableViewCell.swift */; };
		FE1A2DE923B0A8E500C00B07 /* HistoryTableViewCell.swift in Sources */ = {isa = PBXBuildFile; fileRef = FE1A2DE723B0A8E500C00B07 /* HistoryTableViewCell.swift */; };
		FE1E8F88239F846000EA9520 /* SaveData.swift in Sources */ = {isa = PBXBuildFile; fileRef = FE1E8F87239F846000EA9520 /* SaveData.swift */; };
		FEA26BF423966DA100E24322 /* modeSearchCity.swift in Sources */ = {isa = PBXBuildFile; fileRef = FEA26BF323966DA100E24322 /* modeSearchCity.swift */; };
		FEA26BF72397614C00E24322 /* SwiftyJSON in Frameworks */ = {isa = PBXBuildFile; productRef = FEA26BF62397614C00E24322 /* SwiftyJSON */; };
/* End PBXBuildFile section */

/* Begin PBXCopyFilesBuildPhase section */
		880CDE78224E591B008590A9 /* Embed Frameworks */ = {
			isa = PBXCopyFilesBuildPhase;
			buildActionMask = 2147483647;
			dstPath = "";
			dstSubfolderSpec = 10;
			files = (
			);
			name = "Embed Frameworks";
			runOnlyForDeploymentPostprocessing = 0;
		};
/* End PBXCopyFilesBuildPhase section */

/* Begin PBXFileReference section */
		880CDED1224FCD3B008590A9 /* DetailTableViewCell.swift */ = {isa = PBXFileReference; lastKnownFileType = sourcecode.swift; path = DetailTableViewCell.swift; sourceTree = "<group>"; };
		8885B01E2255327700EE6E1C /* Extensions.swift */ = {isa = PBXFileReference; lastKnownFileType = sourcecode.swift; path = Extensions.swift; sourceTree = "<group>"; };
		8897A8F7224D43540035A07E /* WeatherApp.app */ = {isa = PBXFileReference; explicitFileType = wrapper.application; includeInIndex = 0; path = WeatherApp.app; sourceTree = BUILT_PRODUCTS_DIR; };
		8897A8FA224D43540035A07E /* AppDelegate.swift */ = {isa = PBXFileReference; lastKnownFileType = sourcecode.swift; path = AppDelegate.swift; sourceTree = "<group>"; };
		8897A8FC224D43540035A07E /* QuickViewVController.swift */ = {isa = PBXFileReference; lastKnownFileType = sourcecode.swift; path = QuickViewVController.swift; sourceTree = "<group>"; };
		8897A8FF224D43540035A07E /* Base */ = {isa = PBXFileReference; lastKnownFileType = file.storyboard; name = Base; path = Base.lproj/Main.storyboard; sourceTree = "<group>"; };
		8897A901224D43560035A07E /* Assets.xcassets */ = {isa = PBXFileReference; lastKnownFileType = folder.assetcatalog; path = Assets.xcassets; sourceTree = "<group>"; };
		8897A904224D43560035A07E /* Base */ = {isa = PBXFileReference; lastKnownFileType = file.storyboard; name = Base; path = Base.lproj/LaunchScreen.storyboard; sourceTree = "<group>"; };
		8897A906224D43560035A07E /* Info.plist */ = {isa = PBXFileReference; lastKnownFileType = text.plist.xml; path = Info.plist; sourceTree = "<group>"; };
		8897A921224D65810035A07E /* QuickViewCell.swift */ = {isa = PBXFileReference; lastKnownFileType = sourcecode.swift; path = QuickViewCell.swift; sourceTree = "<group>"; };
		8897A923224D6BDF0035A07E /* WeatherDetailController.swift */ = {isa = PBXFileReference; lastKnownFileType = sourcecode.swift; path = WeatherDetailController.swift; sourceTree = "<group>"; };
		88F4231D2260A91600214851 /* WeatherAppUITests.xctest */ = {isa = PBXFileReference; explicitFileType = wrapper.cfbundle; includeInIndex = 0; path = WeatherAppUITests.xctest; sourceTree = BUILT_PRODUCTS_DIR; };
		D15592D92252726900033145 /* modeWeatherResponse.swift */ = {isa = PBXFileReference; lastKnownFileType = sourcecode.swift; path = modeWeatherResponse.swift; sourceTree = "<group>"; };
		FE1A2DE123B0A0AD00C00B07 /* HistoryTableViewController.swift */ = {isa = PBXFileReference; lastKnownFileType = sourcecode.swift; path = HistoryTableViewController.swift; sourceTree = "<group>"; };
		FE1A2DE423B0A82700C00B07 /* HistoryCell.xib */ = {isa = PBXFileReference; lastKnownFileType = file.xib; path = HistoryCell.xib; sourceTree = "<group>"; };
		FE1A2DE723B0A8E500C00B07 /* HistoryTableViewCell.swift */ = {isa = PBXFileReference; lastKnownFileType = sourcecode.swift; path = HistoryTableViewCell.swift; sourceTree = "<group>"; };
		FE1E8F87239F846000EA9520 /* SaveData.swift */ = {isa = PBXFileReference; lastKnownFileType = sourcecode.swift; path = SaveData.swift; sourceTree = "<group>"; };
		FEA26BF323966DA100E24322 /* modeSearchCity.swift */ = {isa = PBXFileReference; lastKnownFileType = sourcecode.swift; path = modeSearchCity.swift; sourceTree = "<group>"; };
/* End PBXFileReference section */

/* Begin PBXFrameworksBuildPhase section */
		8897A8F4224D43540035A07E /* Frameworks */ = {
			isa = PBXFrameworksBuildPhase;
			buildActionMask = 2147483647;
			files = (
				FEA26BF72397614C00E24322 /* SwiftyJSON in Frameworks */,
			);
			runOnlyForDeploymentPostprocessing = 0;
		};
		88F4231A2260A91600214851 /* Frameworks */ = {
			isa = PBXFrameworksBuildPhase;
			buildActionMask = 2147483647;
			files = (
			);
			runOnlyForDeploymentPostprocessing = 0;
		};
/* End PBXFrameworksBuildPhase section */

/* Begin PBXGroup section */
		880CDEC4224F9F20008590A9 /* Model */ = {
			isa = PBXGroup;
			children = (
				FEA26BF323966DA100E24322 /* modeSearchCity.swift */,
				D15592D92252726900033145 /* modeWeatherResponse.swift */,
			);
			path = Model;
			sourceTree = "<group>";
		};
		8897A8EE224D43540035A07E = {
			isa = PBXGroup;
			children = (
				8897A8F9224D43540035A07E /* WeatherApp */,
				8897A8F8224D43540035A07E /* Products */,
			);
			sourceTree = "<group>";
		};
		8897A8F8224D43540035A07E /* Products */ = {
			isa = PBXGroup;
			children = (
				8897A8F7224D43540035A07E /* WeatherApp.app */,
				88F4231D2260A91600214851 /* WeatherAppUITests.xctest */,
			);
			name = Products;
			sourceTree = "<group>";
		};
		8897A8F9224D43540035A07E /* WeatherApp */ = {
			isa = PBXGroup;
			children = (
				880CDEC4224F9F20008590A9 /* Model */,
				FE7F30D3239E4FBB0004EE91 /* View */,
				FE7F30D2239E4F980004EE91 /* Controller */,
				FE7F30D4239E4FD10004EE91 /* Cell */,
				FE7F30D5239E501D0004EE91 /* Extensions */,
				8897A906224D43560035A07E /* Info.plist */,
				8897A901224D43560035A07E /* Assets.xcassets */,
			);
			path = WeatherApp;
			sourceTree = "<group>";
		};
		FE7F30D2239E4F980004EE91 /* Controller */ = {
			isa = PBXGroup;
			children = (
				8897A8FC224D43540035A07E /* QuickViewVController.swift */,
				8897A923224D6BDF0035A07E /* WeatherDetailController.swift */,
				FE1A2DE123B0A0AD00C00B07 /* HistoryTableViewController.swift */,
			);
			path = Controller;
			sourceTree = "<group>";
		};
		FE7F30D3239E4FBB0004EE91 /* View */ = {
			isa = PBXGroup;
			children = (
				8897A8FA224D43540035A07E /* AppDelegate.swift */,
				8897A8FE224D43540035A07E /* Main.storyboard */,
				8897A903224D43560035A07E /* LaunchScreen.storyboard */,
				FE1A2DE423B0A82700C00B07 /* HistoryCell.xib */,
			);
			path = View;
			sourceTree = "<group>";
		};
		FE7F30D4239E4FD10004EE91 /* Cell */ = {
			isa = PBXGroup;
			children = (
				880CDED1224FCD3B008590A9 /* DetailTableViewCell.swift */,
				8897A921224D65810035A07E /* QuickViewCell.swift */,
				FE1A2DE723B0A8E500C00B07 /* HistoryTableViewCell.swift */,
			);
			path = Cell;
			sourceTree = "<group>";
		};
		FE7F30D5239E501D0004EE91 /* Extensions */ = {
			isa = PBXGroup;
			children = (
				8885B01E2255327700EE6E1C /* Extensions.swift */,
				FE1E8F87239F846000EA9520 /* SaveData.swift */,
			);
			path = Extensions;
			sourceTree = "<group>";
		};
/* End PBXGroup section */

/* Begin PBXNativeTarget section */
		8897A8F6224D43540035A07E /* WeatherApp */ = {
			isa = PBXNativeTarget;
			buildConfigurationList = 8897A909224D43560035A07E /* Build configuration list for PBXNativeTarget "WeatherApp" */;
			buildPhases = (
				8897A8F3224D43540035A07E /* Sources */,
				8897A8F4224D43540035A07E /* Frameworks */,
				8897A8F5224D43540035A07E /* Resources */,
				880CDE78224E591B008590A9 /* Embed Frameworks */,
			);
			buildRules = (
			);
			dependencies = (
			);
			name = WeatherApp;
			packageProductDependencies = (
				FEA26BF62397614C00E24322 /* SwiftyJSON */,
			);
			productName = WeatherApp;
			productReference = 8897A8F7224D43540035A07E /* WeatherApp.app */;
			productType = "com.apple.product-type.application";
		};
		88F4231C2260A91600214851 /* WeatherAppUITests */ = {
			isa = PBXNativeTarget;
			buildConfigurationList = 88F423242260A91700214851 /* Build configuration list for PBXNativeTarget "WeatherAppUITests" */;
			buildPhases = (
				88F423192260A91600214851 /* Sources */,
				88F4231A2260A91600214851 /* Frameworks */,
				88F4231B2260A91600214851 /* Resources */,
			);
			buildRules = (
			);
			dependencies = (
			);
			name = WeatherAppUITests;
			productName = WeatherAppUITests;
			productReference = 88F4231D2260A91600214851 /* WeatherAppUITests.xctest */;
			productType = "com.apple.product-type.bundle.ui-testing";
		};
/* End PBXNativeTarget section */

/* Begin PBXProject section */
		8897A8EF224D43540035A07E /* Project object */ = {
			isa = PBXProject;
			attributes = {
				LastSwiftUpdateCheck = 1020;
				LastUpgradeCheck = 1020;
				ORGANIZATIONNAME = "Yusuf Özgül";
				TargetAttributes = {
					8897A8F6224D43540035A07E = {
						CreatedOnToolsVersion = 10.2;
					};
					88F4231C2260A91600214851 = {
						CreatedOnToolsVersion = 10.2;
						LastSwiftMigration = 1130;
						TestTargetID = 8897A8F6224D43540035A07E;
					};
				};
			};
			buildConfigurationList = 8897A8F2224D43540035A07E /* Build configuration list for PBXProject "WeatherApp" */;
			compatibilityVersion = "Xcode 9.3";
			developmentRegion = en;
			hasScannedForEncodings = 0;
			knownRegions = (
				en,
				Base,
			);
			mainGroup = 8897A8EE224D43540035A07E;
			packageReferences = (
				FEA26BF52397614C00E24322 /* XCRemoteSwiftPackageReference "SwiftyJSON" */,
			);
			productRefGroup = 8897A8F8224D43540035A07E /* Products */;
			projectDirPath = "";
			projectRoot = "";
			targets = (
				8897A8F6224D43540035A07E /* WeatherApp */,
				88F4231C2260A91600214851 /* WeatherAppUITests */,
			);
		};
/* End PBXProject section */

/* Begin PBXResourcesBuildPhase section */
		8897A8F5224D43540035A07E /* Resources */ = {
			isa = PBXResourcesBuildPhase;
			buildActionMask = 2147483647;
			files = (
				8897A905224D43560035A07E /* LaunchScreen.storyboard in Resources */,
				8897A902224D43560035A07E /* Assets.xcassets in Resources */,
				FE1A2DE523B0A82700C00B07 /* HistoryCell.xib in Resources */,
				8897A900224D43540035A07E /* Main.storyboard in Resources */,
			);
			runOnlyForDeploymentPostprocessing = 0;
		};
		88F4231B2260A91600214851 /* Resources */ = {
			isa = PBXResourcesBuildPhase;
			buildActionMask = 2147483647;
			files = (
				FE1A2DE623B0A82700C00B07 /* HistoryCell.xib in Resources */,
			);
			runOnlyForDeploymentPostprocessing = 0;
		};
/* End PBXResourcesBuildPhase section */

/* Begin PBXSourcesBuildPhase section */
		8897A8F3224D43540035A07E /* Sources */ = {
			isa = PBXSourcesBuildPhase;
			buildActionMask = 2147483647;
			files = (
				8897A8FD224D43540035A07E /* QuickViewVController.swift in Sources */,
				8897A924224D6BDF0035A07E /* WeatherDetailController.swift in Sources */,
				8885B01F2255327700EE6E1C /* Extensions.swift in Sources */,
				FEA26BF423966DA100E24322 /* modeSearchCity.swift in Sources */,
				FE1A2DE223B0A0AD00C00B07 /* HistoryTableViewController.swift in Sources */,
				880CDED2224FCD3B008590A9 /* DetailTableViewCell.swift in Sources */,
				FE1E8F88239F846000EA9520 /* SaveData.swift in Sources */,
				8897A922224D65810035A07E /* QuickViewCell.swift in Sources */,
				FE1A2DE823B0A8E500C00B07 /* HistoryTableViewCell.swift in Sources */,
				D15592DA2252726900033145 /* modeWeatherResponse.swift in Sources */,
				8897A8FB224D43540035A07E /* AppDelegate.swift in Sources */,
			);
			runOnlyForDeploymentPostprocessing = 0;
		};
		88F423192260A91600214851 /* Sources */ = {
			isa = PBXSourcesBuildPhase;
			buildActionMask = 2147483647;
			files = (
				FE1A2DE923B0A8E500C00B07 /* HistoryTableViewCell.swift in Sources */,
				FE1A2DE323B0A0AD00C00B07 /* HistoryTableViewController.swift in Sources */,
			);
			runOnlyForDeploymentPostprocessing = 0;
		};
/* End PBXSourcesBuildPhase section */

/* Begin PBXVariantGroup section */
		8897A8FE224D43540035A07E /* Main.storyboard */ = {
			isa = PBXVariantGroup;
			children = (
				8897A8FF224D43540035A07E /* Base */,
			);
			name = Main.storyboard;
			sourceTree = "<group>";
		};
		8897A903224D43560035A07E /* LaunchScreen.storyboard */ = {
			isa = PBXVariantGroup;
			children = (
				8897A904224D43560035A07E /* Base */,
			);
			name = LaunchScreen.storyboard;
			sourceTree = "<group>";
		};
/* End PBXVariantGroup section */

/* Begin XCBuildConfiguration section */
		8897A907224D43560035A07E /* Debug */ = {
			isa = XCBuildConfiguration;
			buildSettings = {
				ALWAYS_SEARCH_USER_PATHS = NO;
				CLANG_ANALYZER_NONNULL = YES;
				CLANG_ANALYZER_NUMBER_OBJECT_CONVERSION = YES_AGGRESSIVE;
				CLANG_CXX_LANGUAGE_STANDARD = "gnu++14";
				CLANG_CXX_LIBRARY = "libc++";
				CLANG_ENABLE_MODULES = YES;
				CLANG_ENABLE_OBJC_ARC = YES;
				CLANG_ENABLE_OBJC_WEAK = YES;
				CLANG_WARN_BLOCK_CAPTURE_AUTORELEASING = YES;
				CLANG_WARN_BOOL_CONVERSION = YES;
				CLANG_WARN_COMMA = YES;
				CLANG_WARN_CONSTANT_CONVERSION = YES;
				CLANG_WARN_DEPRECATED_OBJC_IMPLEMENTATIONS = YES;
				CLANG_WARN_DIRECT_OBJC_ISA_USAGE = YES_ERROR;
				CLANG_WARN_DOCUMENTATION_COMMENTS = YES;
				CLANG_WARN_EMPTY_BODY = YES;
				CLANG_WARN_ENUM_CONVERSION = YES;
				CLANG_WARN_INFINITE_RECURSION = YES;
				CLANG_WARN_INT_CONVERSION = YES;
				CLANG_WARN_NON_LITERAL_NULL_CONVERSION = YES;
				CLANG_WARN_OBJC_IMPLICIT_RETAIN_SELF = YES;
				CLANG_WARN_OBJC_LITERAL_CONVERSION = YES;
				CLANG_WARN_OBJC_ROOT_CLASS = YES_ERROR;
				CLANG_WARN_RANGE_LOOP_ANALYSIS = YES;
				CLANG_WARN_STRICT_PROTOTYPES = YES;
				CLANG_WARN_SUSPICIOUS_MOVE = YES;
				CLANG_WARN_UNGUARDED_AVAILABILITY = YES_AGGRESSIVE;
				CLANG_WARN_UNREACHABLE_CODE = YES;
				CLANG_WARN__DUPLICATE_METHOD_MATCH = YES;
				CODE_SIGN_IDENTITY = "iPhone Developer";
				COPY_PHASE_STRIP = NO;
				DEBUG_INFORMATION_FORMAT = dwarf;
				ENABLE_STRICT_OBJC_MSGSEND = YES;
				ENABLE_TESTABILITY = YES;
				GCC_C_LANGUAGE_STANDARD = gnu11;
				GCC_DYNAMIC_NO_PIC = NO;
				GCC_NO_COMMON_BLOCKS = YES;
				GCC_OPTIMIZATION_LEVEL = 0;
				GCC_PREPROCESSOR_DEFINITIONS = (
					"DEBUG=1",
					"$(inherited)",
				);
				GCC_WARN_64_TO_32_BIT_CONVERSION = YES;
				GCC_WARN_ABOUT_RETURN_TYPE = YES_ERROR;
				GCC_WARN_UNDECLARED_SELECTOR = YES;
				GCC_WARN_UNINITIALIZED_AUTOS = YES_AGGRESSIVE;
				GCC_WARN_UNUSED_FUNCTION = YES;
				GCC_WARN_UNUSED_VARIABLE = YES;
				IPHONEOS_DEPLOYMENT_TARGET = 13.2;
				MTL_ENABLE_DEBUG_INFO = INCLUDE_SOURCE;
				MTL_FAST_MATH = YES;
				ONLY_ACTIVE_ARCH = YES;
				SDKROOT = iphoneos;
				SWIFT_ACTIVE_COMPILATION_CONDITIONS = DEBUG;
				SWIFT_OPTIMIZATION_LEVEL = "-Onone";
			};
			name = Debug;
		};
		8897A908224D43560035A07E /* Release */ = {
			isa = XCBuildConfiguration;
			buildSettings = {
				ALWAYS_SEARCH_USER_PATHS = NO;
				CLANG_ANALYZER_NONNULL = YES;
				CLANG_ANALYZER_NUMBER_OBJECT_CONVERSION = YES_AGGRESSIVE;
				CLANG_CXX_LANGUAGE_STANDARD = "gnu++14";
				CLANG_CXX_LIBRARY = "libc++";
				CLANG_ENABLE_MODULES = YES;
				CLANG_ENABLE_OBJC_ARC = YES;
				CLANG_ENABLE_OBJC_WEAK = YES;
				CLANG_WARN_BLOCK_CAPTURE_AUTORELEASING = YES;
				CLANG_WARN_BOOL_CONVERSION = YES;
				CLANG_WARN_COMMA = YES;
				CLANG_WARN_CONSTANT_CONVERSION = YES;
				CLANG_WARN_DEPRECATED_OBJC_IMPLEMENTATIONS = YES;
				CLANG_WARN_DIRECT_OBJC_ISA_USAGE = YES_ERROR;
				CLANG_WARN_DOCUMENTATION_COMMENTS = YES;
				CLANG_WARN_EMPTY_BODY = YES;
				CLANG_WARN_ENUM_CONVERSION = YES;
				CLANG_WARN_INFINITE_RECURSION = YES;
				CLANG_WARN_INT_CONVERSION = YES;
				CLANG_WARN_NON_LITERAL_NULL_CONVERSION = YES;
				CLANG_WARN_OBJC_IMPLICIT_RETAIN_SELF = YES;
				CLANG_WARN_OBJC_LITERAL_CONVERSION = YES;
				CLANG_WARN_OBJC_ROOT_CLASS = YES_ERROR;
				CLANG_WARN_RANGE_LOOP_ANALYSIS = YES;
				CLANG_WARN_STRICT_PROTOTYPES = YES;
				CLANG_WARN_SUSPICIOUS_MOVE = YES;
				CLANG_WARN_UNGUARDED_AVAILABILITY = YES_AGGRESSIVE;
				CLANG_WARN_UNREACHABLE_CODE = YES;
				CLANG_WARN__DUPLICATE_METHOD_MATCH = YES;
				CODE_SIGN_IDENTITY = "iPhone Developer";
				COPY_PHASE_STRIP = NO;
				DEBUG_INFORMATION_FORMAT = "dwarf-with-dsym";
				ENABLE_NS_ASSERTIONS = NO;
				ENABLE_STRICT_OBJC_MSGSEND = YES;
				GCC_C_LANGUAGE_STANDARD = gnu11;
				GCC_NO_COMMON_BLOCKS = YES;
				GCC_WARN_64_TO_32_BIT_CONVERSION = YES;
				GCC_WARN_ABOUT_RETURN_TYPE = YES_ERROR;
				GCC_WARN_UNDECLARED_SELECTOR = YES;
				GCC_WARN_UNINITIALIZED_AUTOS = YES_AGGRESSIVE;
				GCC_WARN_UNUSED_FUNCTION = YES;
				GCC_WARN_UNUSED_VARIABLE = YES;
				IPHONEOS_DEPLOYMENT_TARGET = 13.2;
				MTL_ENABLE_DEBUG_INFO = NO;
				MTL_FAST_MATH = YES;
				SDKROOT = iphoneos;
				SWIFT_COMPILATION_MODE = wholemodule;
				SWIFT_OPTIMIZATION_LEVEL = "-O";
				VALIDATE_PRODUCT = YES;
			};
			name = Release;
		};
		8897A90A224D43560035A07E /* Debug */ = {
			isa = XCBuildConfiguration;
			buildSettings = {
				ALWAYS_EMBED_SWIFT_STANDARD_LIBRARIES = YES;
				ASSETCATALOG_COMPILER_APPICON_NAME = AppIcon;
				CODE_SIGN_IDENTITY = "Apple Development";
				CODE_SIGN_STYLE = Automatic;
				DEVELOPMENT_TEAM = 99S58PZ5L7;
				INFOPLIST_FILE = WeatherApp/Info.plist;
				IPHONEOS_DEPLOYMENT_TARGET = 12.0;
				LD_RUNPATH_SEARCH_PATHS = (
					"$(inherited)",
					"@executable_path/Frameworks",
				);
				PRODUCT_BUNDLE_IDENTIFIER = long.develop.engineer;
				PRODUCT_NAME = "$(TARGET_NAME)";
				PROVISIONING_PROFILE_SPECIFIER = "";
				SWIFT_VERSION = 5.0;
				TARGETED_DEVICE_FAMILY = "1,2";
			};
			name = Debug;
		};
		8897A90B224D43560035A07E /* Release */ = {
			isa = XCBuildConfiguration;
			buildSettings = {
				ALWAYS_EMBED_SWIFT_STANDARD_LIBRARIES = YES;
				ASSETCATALOG_COMPILER_APPICON_NAME = AppIcon;
				CODE_SIGN_IDENTITY = "Apple Development";
				CODE_SIGN_STYLE = Automatic;
				DEVELOPMENT_TEAM = 99S58PZ5L7;
				INFOPLIST_FILE = WeatherApp/Info.plist;
				IPHONEOS_DEPLOYMENT_TARGET = 12.0;
				LD_RUNPATH_SEARCH_PATHS = (
					"$(inherited)",
					"@executable_path/Frameworks",
				);
				PRODUCT_BUNDLE_IDENTIFIER = long.develop.engineer;
				PRODUCT_NAME = "$(TARGET_NAME)";
				PROVISIONING_PROFILE_SPECIFIER = "";
				SWIFT_VERSION = 5.0;
				TARGETED_DEVICE_FAMILY = "1,2";
			};
			name = Release;
		};
		88F423252260A91700214851 /* Debug */ = {
			isa = XCBuildConfiguration;
			buildSettings = {
				CLANG_ENABLE_MODULES = YES;
				CODE_SIGN_STYLE = Automatic;
				INFOPLIST_FILE = WeatherAppUITests/Info.plist;
				LD_RUNPATH_SEARCH_PATHS = (
					"$(inherited)",
					"@executable_path/Frameworks",
					"@loader_path/Frameworks",
				);
				PRODUCT_BUNDLE_IDENTIFIER = com.yusufozgul.WeatherAppUITests;
				PRODUCT_NAME = "$(TARGET_NAME)";
				SWIFT_OPTIMIZATION_LEVEL = "-Onone";
				SWIFT_VERSION = 5.0;
				TARGETED_DEVICE_FAMILY = "1,2";
				TEST_TARGET_NAME = WeatherApp;
			};
			name = Debug;
		};
		88F423262260A91700214851 /* Release */ = {
			isa = XCBuildConfiguration;
			buildSettings = {
				CLANG_ENABLE_MODULES = YES;
				CODE_SIGN_STYLE = Automatic;
				INFOPLIST_FILE = WeatherAppUITests/Info.plist;
				LD_RUNPATH_SEARCH_PATHS = (
					"$(inherited)",
					"@executable_path/Frameworks",
					"@loader_path/Frameworks",
				);
				PRODUCT_BUNDLE_IDENTIFIER = com.yusufozgul.WeatherAppUITests;
				PRODUCT_NAME = "$(TARGET_NAME)";
				SWIFT_VERSION = 5.0;
				TARGETED_DEVICE_FAMILY = "1,2";
				TEST_TARGET_NAME = WeatherApp;
			};
			name = Release;
		};
/* End XCBuildConfiguration section */

/* Begin XCConfigurationList section */
		8897A8F2224D43540035A07E /* Build configuration list for PBXProject "WeatherApp" */ = {
			isa = XCConfigurationList;
			buildConfigurations = (
				8897A907224D43560035A07E /* Debug */,
				8897A908224D43560035A07E /* Release */,
			);
			defaultConfigurationIsVisible = 0;
			defaultConfigurationName = Release;
		};
		8897A909224D43560035A07E /* Build configuration list for PBXNativeTarget "WeatherApp" */ = {
			isa = XCConfigurationList;
			buildConfigurations = (
				8897A90A224D43560035A07E /* Debug */,
				8897A90B224D43560035A07E /* Release */,
			);
			defaultConfigurationIsVisible = 0;
			defaultConfigurationName = Release;
		};
		88F423242260A91700214851 /* Build configuration list for PBXNativeTarget "WeatherAppUITests" */ = {
			isa = XCConfigurationList;
			buildConfigurations = (
				88F423252260A91700214851 /* Debug */,
				88F423262260A91700214851 /* Release */,
			);
			defaultConfigurationIsVisible = 0;
			defaultConfigurationName = Release;
		};
/* End XCConfigurationList section */

/* Begin XCRemoteSwiftPackageReference section */
		FEA26BF52397614C00E24322 /* XCRemoteSwiftPackageReference "SwiftyJSON" */ = {
			isa = XCRemoteSwiftPackageReference;
			repositoryURL = "https://github.com/SwiftyJSON/SwiftyJSON.git";
			requirement = {
				kind = upToNextMajorVersion;
				minimumVersion = 5.0.0;
			};
		};
/* End XCRemoteSwiftPackageReference section */

/* Begin XCSwiftPackageProductDependency section */
		FEA26BF62397614C00E24322 /* SwiftyJSON */ = {
			isa = XCSwiftPackageProductDependency;
			package = FEA26BF52397614C00E24322 /* XCRemoteSwiftPackageReference "SwiftyJSON" */;
			productName = SwiftyJSON;
		};
/* End XCSwiftPackageProductDependency section */
	};
	rootObject = 8897A8EF224D43540035A07E /* Project object */;
}
